
Microsoft Visual Studio Solution File, Format Version 12.00
# Visual Studio 15
VisualStudioVersion = 15.0.28307.645
MinimumVisualStudioVersion = 10.0.40219.1
Project("{FAE04EC0-301F-11D3-BF4B-00C04F79EFBC}") = "SPA_App", "SPA_App\SPA_App.csproj", "{24290D66-4AA3-4978-8D96-08F20F195590}"
EndProject
Global
	GlobalSection(SolutionConfigurationPlatforms) = preSolution
		Debug|Any CPU = Debug|Any CPU
		Release|Any CPU = Release|Any CPU
	EndGlobalSection
	GlobalSection(ProjectConfigurationPlatforms) = postSolution
		{24290D66-4AA3-4978-8D96-08F20F195590}.Debug|Any CPU.ActiveCfg = Debug|Any CPU
		{24290D66-4AA3-4978-8D96-08F20F195590}.Debug|Any CPU.Build.0 = Debug|Any CPU
		{24290D66-4AA3-4978-8D96-08F20F195590}.Release|Any CPU.ActiveCfg = Release|Any CPU
		{24290D66-4AA3-4978-8D96-08F20F195590}.Release|Any CPU.Build.0 = Release|Any CPU
	EndGlobalSection
	GlobalSection(SolutionProperties) = preSolution
		HideSolutionNode = FALSE
	EndGlobalSection
	GlobalSection(ExtensibilityGlobals) = postSolution
		SolutionGuid = {A4FB2752-3E87-4C75-8D22-79A060C325DF}
	EndGlobalSection
EndGlobal
